// !$*UTF8*$!
{
	archiveVersion = 1;
	classes = {
	};
	objectVersion = 46;
	objects = {

/* Begin PBXBuildFile section */
		E74F4C231D6CE80000AD1471 /* GrapplingHook.swift in Sources */ = {isa = PBXBuildFile; fileRef = E74F4C1F1D6CE80000AD1471 /* GrapplingHook.swift */; };
		E74F4C241D6CE80000AD1471 /* Hero.swift in Sources */ = {isa = PBXBuildFile; fileRef = E74F4C201D6CE80000AD1471 /* Hero.swift */; };
		E74F4C251D6CE80000AD1471 /* Snow1.sks in Resources */ = {isa = PBXBuildFile; fileRef = E74F4C211D6CE80000AD1471 /* Snow1.sks */; };
		E74F4C261D6CE80000AD1471 /* Snow2.sks in Resources */ = {isa = PBXBuildFile; fileRef = E74F4C221D6CE80000AD1471 /* Snow2.sks */; };
		E74F4C2B1D6CE82300AD1471 /* CancelButton.swift in Sources */ = {isa = PBXBuildFile; fileRef = E74F4C271D6CE82300AD1471 /* CancelButton.swift */; };
		E74F4C2C1D6CE82300AD1471 /* FacebookButton.swift in Sources */ = {isa = PBXBuildFile; fileRef = E74F4C281D6CE82300AD1471 /* FacebookButton.swift */; };
		E74F4C2D1D6CE82300AD1471 /* RestartButton.swift in Sources */ = {isa = PBXBuildFile; fileRef = E74F4C291D6CE82300AD1471 /* RestartButton.swift */; };
		E74F4C2E1D6CE82300AD1471 /* TwitterButton.swift in Sources */ = {isa = PBXBuildFile; fileRef = E74F4C2A1D6CE82300AD1471 /* TwitterButton.swift */; };
		E74F4C341D6CE84E00AD1471 /* FinishScreen.swift in Sources */ = {isa = PBXBuildFile; fileRef = E74F4C2F1D6CE84E00AD1471 /* FinishScreen.swift */; };
		E74F4C351D6CE84E00AD1471 /* GameScene.sks in Resources */ = {isa = PBXBuildFile; fileRef = E74F4C301D6CE84E00AD1471 /* GameScene.sks */; };
		E74F4C361D6CE84E00AD1471 /* GameScene.swift in Sources */ = {isa = PBXBuildFile; fileRef = E74F4C311D6CE84E00AD1471 /* GameScene.swift */; };
		E74F4C371D6CE84E00AD1471 /* TitleScreen.sks in Resources */ = {isa = PBXBuildFile; fileRef = E74F4C321D6CE84E00AD1471 /* TitleScreen.sks */; };
		E74F4C381D6CE84E00AD1471 /* TitleScreen.swift in Sources */ = {isa = PBXBuildFile; fileRef = E74F4C331D6CE84E00AD1471 /* TitleScreen.swift */; };
		E74F4C3E1D6CE86F00AD1471 /* CGFloat+Extensions.swift in Sources */ = {isa = PBXBuildFile; fileRef = E74F4C391D6CE86E00AD1471 /* CGFloat+Extensions.swift */; };
		E74F4C3F1D6CE86F00AD1471 /* MSButtonNode.swift in Sources */ = {isa = PBXBuildFile; fileRef = E74F4C3A1D6CE86E00AD1471 /* MSButtonNode.swift */; };
		E74F4C401D6CE86F00AD1471 /* Numbers.swift in Sources */ = {isa = PBXBuildFile; fileRef = E74F4C3B1D6CE86E00AD1471 /* Numbers.swift */; };
		E74F4C411D6CE86F00AD1471 /* PhysicsCategory.swift in Sources */ = {isa = PBXBuildFile; fileRef = E74F4C3C1D6CE86F00AD1471 /* PhysicsCategory.swift */; };
		E74F4C421D6CE86F00AD1471 /* Scroll.swift in Sources */ = {isa = PBXBuildFile; fileRef = E74F4C3D1D6CE86F00AD1471 /* Scroll.swift */; };
		E74F4C461D6CE88300AD1471 /* GameOverState.swift in Sources */ = {isa = PBXBuildFile; fileRef = E74F4C431D6CE88300AD1471 /* GameOverState.swift */; };
		E74F4C471D6CE88300AD1471 /* PlayingState.swift in Sources */ = {isa = PBXBuildFile; fileRef = E74F4C441D6CE88300AD1471 /* PlayingState.swift */; };
		E74F4C481D6CE88300AD1471 /* ReadyState.swift in Sources */ = {isa = PBXBuildFile; fileRef = E74F4C451D6CE88300AD1471 /* ReadyState.swift */; };
		E7CEFE051D492A0A0056CD32 /* AGENTORANGE.TTF in Resources */ = {isa = PBXBuildFile; fileRef = E7CEFE041D492A0A0056CD32 /* AGENTORANGE.TTF */; };
		E7D42AD81D258242006C85B0 /* AppDelegate.swift in Sources */ = {isa = PBXBuildFile; fileRef = E7D42AD71D258242006C85B0 /* AppDelegate.swift */; };
		E7D42ADE1D258242006C85B0 /* GameViewController.swift in Sources */ = {isa = PBXBuildFile; fileRef = E7D42ADD1D258242006C85B0 /* GameViewController.swift */; };
		E7D42AE11D258242006C85B0 /* Main.storyboard in Resources */ = {isa = PBXBuildFile; fileRef = E7D42ADF1D258242006C85B0 /* Main.storyboard */; };
		E7D42AE31D258242006C85B0 /* Assets.xcassets in Resources */ = {isa = PBXBuildFile; fileRef = E7D42AE21D258242006C85B0 /* Assets.xcassets */; };
		E7D42AE61D258242006C85B0 /* LaunchScreen.storyboard in Resources */ = {isa = PBXBuildFile; fileRef = E7D42AE41D258242006C85B0 /* LaunchScreen.storyboard */; };
		E7E4B7F61D49D92A00949DCC /* GoogleService-Info.plist in Resources */ = {isa = PBXBuildFile; fileRef = E7E4B7F51D49D92A00949DCC /* GoogleService-Info.plist */; };
		E7E4B7FA1D49DDD300949DCC /* FBSDKCoreKit.framework in Frameworks */ = {isa = PBXBuildFile; fileRef = E7E4B7F71D49DDD300949DCC /* FBSDKCoreKit.framework */; };
		E7E4B7FB1D49DDD300949DCC /* FBSDKLoginKit.framework in Frameworks */ = {isa = PBXBuildFile; fileRef = E7E4B7F81D49DDD300949DCC /* FBSDKLoginKit.framework */; };
		E7E4B7FC1D49DDD300949DCC /* FBSDKShareKit.framework in Frameworks */ = {isa = PBXBuildFile; fileRef = E7E4B7F91D49DDD300949DCC /* FBSDKShareKit.framework */; };
		E8D462D5288CD03710633296 /* Pods_Grappling_Penguins.framework in Frameworks */ = {isa = PBXBuildFile; fileRef = DAD7962A5E140B76F8E8AC1E /* Pods_Grappling_Penguins.framework */; };
/* End PBXBuildFile section */

/* Begin PBXFileReference section */
		22DE72FFA322CCE96289212B /* Pods-Grappling Penguins.debug.xcconfig */ = {isa = PBXFileReference; includeInIndex = 1; lastKnownFileType = text.xcconfig; name = "Pods-Grappling Penguins.debug.xcconfig"; path = "Pods/Target Support Files/Pods-Grappling Penguins/Pods-Grappling Penguins.debug.xcconfig"; sourceTree = "<group>"; };
		457731E89686446143E5A54D /* Pods-Grappling Penguins.release.xcconfig */ = {isa = PBXFileReference; includeInIndex = 1; lastKnownFileType = text.xcconfig; name = "Pods-Grappling Penguins.release.xcconfig"; path = "Pods/Target Support Files/Pods-Grappling Penguins/Pods-Grappling Penguins.release.xcconfig"; sourceTree = "<group>"; };
		DAD7962A5E140B76F8E8AC1E /* Pods_Grappling_Penguins.framework */ = {isa = PBXFileReference; explicitFileType = wrapper.framework; includeInIndex = 0; path = Pods_Grappling_Penguins.framework; sourceTree = BUILT_PRODUCTS_DIR; };
		E74F4C1F1D6CE80000AD1471 /* GrapplingHook.swift */ = {isa = PBXFileReference; fileEncoding = 4; lastKnownFileType = sourcecode.swift; name = GrapplingHook.swift; path = "Game Elements/GrapplingHook.swift"; sourceTree = "<group>"; };
		E74F4C201D6CE80000AD1471 /* Hero.swift */ = {isa = PBXFileReference; fileEncoding = 4; lastKnownFileType = sourcecode.swift; name = Hero.swift; path = "Game Elements/Hero.swift"; sourceTree = "<group>"; };
		E74F4C211D6CE80000AD1471 /* Snow1.sks */ = {isa = PBXFileReference; lastKnownFileType = file.sks; name = Snow1.sks; path = "Game Elements/Snow1.sks"; sourceTree = "<group>"; };
		E74F4C221D6CE80000AD1471 /* Snow2.sks */ = {isa = PBXFileReference; lastKnownFileType = file.sks; name = Snow2.sks; path = "Game Elements/Snow2.sks"; sourceTree = "<group>"; };
		E74F4C271D6CE82300AD1471 /* CancelButton.swift */ = {isa = PBXFileReference; fileEncoding = 4; lastKnownFileType = sourcecode.swift; name = CancelButton.swift; path = Buttons/CancelButton.swift; sourceTree = "<group>"; };
		E74F4C281D6CE82300AD1471 /* FacebookButton.swift */ = {isa = PBXFileReference; fileEncoding = 4; lastKnownFileType = sourcecode.swift; name = FacebookButton.swift; path = Buttons/FacebookButton.swift; sourceTree = "<group>"; };
		E74F4C291D6CE82300AD1471 /* RestartButton.swift */ = {isa = PBXFileReference; fileEncoding = 4; lastKnownFileType = sourcecode.swift; name = RestartButton.swift; path = Buttons/RestartButton.swift; sourceTree = "<group>"; };
		E74F4C2A1D6CE82300AD1471 /* TwitterButton.swift */ = {isa = PBXFileReference; fileEncoding = 4; lastKnownFileType = sourcecode.swift; name = TwitterButton.swift; path = Buttons/TwitterButton.swift; sourceTree = "<group>"; };
		E74F4C2F1D6CE84E00AD1471 /* FinishScreen.swift */ = {isa = PBXFileReference; fileEncoding = 4; lastKnownFileType = sourcecode.swift; name = FinishScreen.swift; path = "Game Screens/FinishScreen.swift"; sourceTree = "<group>"; };
		E74F4C301D6CE84E00AD1471 /* GameScene.sks */ = {isa = PBXFileReference; lastKnownFileType = file.sks; name = GameScene.sks; path = "Game Screens/GameScene.sks"; sourceTree = "<group>"; };
		E74F4C311D6CE84E00AD1471 /* GameScene.swift */ = {isa = PBXFileReference; fileEncoding = 4; lastKnownFileType = sourcecode.swift; name = GameScene.swift; path = "Game Screens/GameScene.swift"; sourceTree = "<group>"; };
		E74F4C321D6CE84E00AD1471 /* TitleScreen.sks */ = {isa = PBXFileReference; lastKnownFileType = file.sks; name = TitleScreen.sks; path = "Game Screens/TitleScreen.sks"; sourceTree = "<group>"; };
		E74F4C331D6CE84E00AD1471 /* TitleScreen.swift */ = {isa = PBXFileReference; fileEncoding = 4; lastKnownFileType = sourcecode.swift; name = TitleScreen.swift; path = "Game Screens/TitleScreen.swift"; sourceTree = "<group>"; };
		E74F4C391D6CE86E00AD1471 /* CGFloat+Extensions.swift */ = {isa = PBXFileReference; fileEncoding = 4; lastKnownFileType = sourcecode.swift; name = "CGFloat+Extensions.swift"; path = "Helper Classes/CGFloat+Extensions.swift"; sourceTree = "<group>"; };
		E74F4C3A1D6CE86E00AD1471 /* MSButtonNode.swift */ = {isa = PBXFileReference; fileEncoding = 4; lastKnownFileType = sourcecode.swift; name = MSButtonNode.swift; path = "Helper Classes/MSButtonNode.swift"; sourceTree = "<group>"; };
		E74F4C3B1D6CE86E00AD1471 /* Numbers.swift */ = {isa = PBXFileReference; fileEncoding = 4; lastKnownFileType = sourcecode.swift; name = Numbers.swift; path = "Helper Classes/Numbers.swift"; sourceTree = "<group>"; };
		E74F4C3C1D6CE86F00AD1471 /* PhysicsCategory.swift */ = {isa = PBXFileReference; fileEncoding = 4; lastKnownFileType = sourcecode.swift; name = PhysicsCategory.swift; path = "Helper Classes/PhysicsCategory.swift"; sourceTree = "<group>"; };
		E74F4C3D1D6CE86F00AD1471 /* Scroll.swift */ = {isa = PBXFileReference; fileEncoding = 4; lastKnownFileType = sourcecode.swift; name = Scroll.swift; path = "Helper Classes/Scroll.swift"; sourceTree = "<group>"; };
		E74F4C431D6CE88300AD1471 /* GameOverState.swift */ = {isa = PBXFileReference; fileEncoding = 4; lastKnownFileType = sourcecode.swift; name = GameOverState.swift; path = "Game States/GameOverState.swift"; sourceTree = "<group>"; };
		E74F4C441D6CE88300AD1471 /* PlayingState.swift */ = {isa = PBXFileReference; fileEncoding = 4; lastKnownFileType = sourcecode.swift; name = PlayingState.swift; path = "Game States/PlayingState.swift"; sourceTree = "<group>"; };
		E74F4C451D6CE88300AD1471 /* ReadyState.swift */ = {isa = PBXFileReference; fileEncoding = 4; lastKnownFileType = sourcecode.swift; name = ReadyState.swift; path = "Game States/ReadyState.swift"; sourceTree = "<group>"; };
		E7CEFE041D492A0A0056CD32 /* AGENTORANGE.TTF */ = {isa = PBXFileReference; lastKnownFileType = file; path = AGENTORANGE.TTF; sourceTree = "<group>"; };
		E7D42AD41D258242006C85B0 /* Grappling Penguins.app */ = {isa = PBXFileReference; explicitFileType = wrapper.application; includeInIndex = 0; path = "Grappling Penguins.app"; sourceTree = BUILT_PRODUCTS_DIR; };
		E7D42AD71D258242006C85B0 /* AppDelegate.swift */ = {isa = PBXFileReference; lastKnownFileType = sourcecode.swift; path = AppDelegate.swift; sourceTree = "<group>"; };
		E7D42ADD1D258242006C85B0 /* GameViewController.swift */ = {isa = PBXFileReference; lastKnownFileType = sourcecode.swift; path = GameViewController.swift; sourceTree = "<group>"; };
		E7D42AE01D258242006C85B0 /* Base */ = {isa = PBXFileReference; lastKnownFileType = file.storyboard; name = Base; path = Base.lproj/Main.storyboard; sourceTree = "<group>"; };
		E7D42AE21D258242006C85B0 /* Assets.xcassets */ = {isa = PBXFileReference; lastKnownFileType = folder.assetcatalog; path = Assets.xcassets; sourceTree = "<group>"; };
		E7D42AE51D258242006C85B0 /* Base */ = {isa = PBXFileReference; lastKnownFileType = file.storyboard; name = Base; path = Base.lproj/LaunchScreen.storyboard; sourceTree = "<group>"; };
		E7D42AE71D258242006C85B0 /* Info.plist */ = {isa = PBXFileReference; lastKnownFileType = text.plist.xml; path = Info.plist; sourceTree = "<group>"; };
		E7E4B7F51D49D92A00949DCC /* GoogleService-Info.plist */ = {isa = PBXFileReference; fileEncoding = 4; lastKnownFileType = text.plist.xml; path = "GoogleService-Info.plist"; sourceTree = "<group>"; };
		E7E4B7F71D49DDD300949DCC /* FBSDKCoreKit.framework */ = {isa = PBXFileReference; lastKnownFileType = wrapper.framework; path = FBSDKCoreKit.framework; sourceTree = "<group>"; };
		E7E4B7F81D49DDD300949DCC /* FBSDKLoginKit.framework */ = {isa = PBXFileReference; lastKnownFileType = wrapper.framework; path = FBSDKLoginKit.framework; sourceTree = "<group>"; };
		E7E4B7F91D49DDD300949DCC /* FBSDKShareKit.framework */ = {isa = PBXFileReference; lastKnownFileType = wrapper.framework; path = FBSDKShareKit.framework; sourceTree = "<group>"; };
/* End PBXFileReference section */

/* Begin PBXFrameworksBuildPhase section */
		E7D42AD11D258242006C85B0 /* Frameworks */ = {
			isa = PBXFrameworksBuildPhase;
			buildActionMask = 2147483647;
			files = (
				E7E4B7FC1D49DDD300949DCC /* FBSDKShareKit.framework in Frameworks */,
				E8D462D5288CD03710633296 /* Pods_Grappling_Penguins.framework in Frameworks */,
				E7E4B7FA1D49DDD300949DCC /* FBSDKCoreKit.framework in Frameworks */,
				E7E4B7FB1D49DDD300949DCC /* FBSDKLoginKit.framework in Frameworks */,
			);
			runOnlyForDeploymentPostprocessing = 0;
		};
/* End PBXFrameworksBuildPhase section */

/* Begin PBXGroup section */
		81B5727C22EAD4C69FDAA290 /* Frameworks */ = {
			isa = PBXGroup;
			children = (
				DAD7962A5E140B76F8E8AC1E /* Pods_Grappling_Penguins.framework */,
				E7E4B7F71D49DDD300949DCC /* FBSDKCoreKit.framework */,
				E7E4B7F81D49DDD300949DCC /* FBSDKLoginKit.framework */,
				E7E4B7F91D49DDD300949DCC /* FBSDKShareKit.framework */,
			);
			name = Frameworks;
			sourceTree = "<group>";
		};
		911253F33E7B5255C9560547 /* Pods */ = {
			isa = PBXGroup;
			children = (
				22DE72FFA322CCE96289212B /* Pods-Grappling Penguins.debug.xcconfig */,
				457731E89686446143E5A54D /* Pods-Grappling Penguins.release.xcconfig */,
			);
			name = Pods;
			sourceTree = "<group>";
		};
		E7227B641D42DB6E00147CA3 /* Buttons */ = {
			isa = PBXGroup;
			children = (
				E74F4C271D6CE82300AD1471 /* CancelButton.swift */,
				E74F4C281D6CE82300AD1471 /* FacebookButton.swift */,
				E74F4C291D6CE82300AD1471 /* RestartButton.swift */,
				E74F4C2A1D6CE82300AD1471 /* TwitterButton.swift */,
			);
			name = Buttons;
			sourceTree = "<group>";
		};
		E73303A01D3D8D6D002D7492 /* Game States */ = {
			isa = PBXGroup;
			children = (
				E74F4C431D6CE88300AD1471 /* GameOverState.swift */,
				E74F4C441D6CE88300AD1471 /* PlayingState.swift */,
				E74F4C451D6CE88300AD1471 /* ReadyState.swift */,
			);
			name = "Game States";
			sourceTree = "<group>";
		};
		E73303A31D3E89CB002D7492 /* Game Screens */ = {
			isa = PBXGroup;
			children = (
				E74F4C2F1D6CE84E00AD1471 /* FinishScreen.swift */,
				E74F4C301D6CE84E00AD1471 /* GameScene.sks */,
				E74F4C311D6CE84E00AD1471 /* GameScene.swift */,
				E74F4C321D6CE84E00AD1471 /* TitleScreen.sks */,
				E74F4C331D6CE84E00AD1471 /* TitleScreen.swift */,
			);
			name = "Game Screens";
			sourceTree = "<group>";
		};
		E73303AA1D3E8CFC002D7492 /* Helper Classes */ = {
			isa = PBXGroup;
			children = (
				E74F4C391D6CE86E00AD1471 /* CGFloat+Extensions.swift */,
				E74F4C3A1D6CE86E00AD1471 /* MSButtonNode.swift */,
				E74F4C3B1D6CE86E00AD1471 /* Numbers.swift */,
				E74F4C3C1D6CE86F00AD1471 /* PhysicsCategory.swift */,
				E74F4C3D1D6CE86F00AD1471 /* Scroll.swift */,
			);
			name = "Helper Classes";
			sourceTree = "<group>";
		};
		E7339F3E1D3D4B700060673B /* Game Elements */ = {
			isa = PBXGroup;
			children = (
				E74F4C1F1D6CE80000AD1471 /* GrapplingHook.swift */,
				E74F4C201D6CE80000AD1471 /* Hero.swift */,
				E74F4C211D6CE80000AD1471 /* Snow1.sks */,
				E74F4C221D6CE80000AD1471 /* Snow2.sks */,
			);
			name = "Game Elements";
			sourceTree = "<group>";
		};
		E7D42ACB1D258242006C85B0 = {
			isa = PBXGroup;
			children = (
				E7D42AD61D258242006C85B0 /* Grappling Penguins */,
				E7D42AD51D258242006C85B0 /* Products */,
				911253F33E7B5255C9560547 /* Pods */,
				81B5727C22EAD4C69FDAA290 /* Frameworks */,
			);
			sourceTree = "<group>";
		};
		E7D42AD51D258242006C85B0 /* Products */ = {
			isa = PBXGroup;
			children = (
				E7D42AD41D258242006C85B0 /* Grappling Penguins.app */,
			);
			name = Products;
			sourceTree = "<group>";
		};
		E7D42AD61D258242006C85B0 /* Grappling Penguins */ = {
			isa = PBXGroup;
			children = (
				E7D42AD71D258242006C85B0 /* AppDelegate.swift */,
				E7D42ADF1D258242006C85B0 /* Main.storyboard */,
				E73303AA1D3E8CFC002D7492 /* Helper Classes */,
				E7339F3E1D3D4B700060673B /* Game Elements */,
				E73303A01D3D8D6D002D7492 /* Game States */,
				E7227B641D42DB6E00147CA3 /* Buttons */,
				E73303A31D3E89CB002D7492 /* Game Screens */,
				E7D42ADD1D258242006C85B0 /* GameViewController.swift */,
				E7D42AE21D258242006C85B0 /* Assets.xcassets */,
				E7CEFE041D492A0A0056CD32 /* AGENTORANGE.TTF */,
				E7D42AE41D258242006C85B0 /* LaunchScreen.storyboard */,
				E7E4B7F51D49D92A00949DCC /* GoogleService-Info.plist */,
				E7D42AE71D258242006C85B0 /* Info.plist */,
			);
			path = "Grappling Penguins";
			sourceTree = "<group>";
		};
/* End PBXGroup section */

/* Begin PBXNativeTarget section */
		E7D42AD31D258242006C85B0 /* Grappling Penguins */ = {
			isa = PBXNativeTarget;
			buildConfigurationList = E7D42B001D258242006C85B0 /* Build configuration list for PBXNativeTarget "Grappling Penguins" */;
			buildPhases = (
				EAF05F74025EEA163B291BB2 /* [CP] Check Pods Manifest.lock */,
				E7D42AD01D258242006C85B0 /* Sources */,
				E7D42AD11D258242006C85B0 /* Frameworks */,
				E7D42AD21D258242006C85B0 /* Resources */,
				D898B65D3FB24C7A7C7DB464 /* [CP] Embed Pods Frameworks */,
				4D430CC27E6F9530D650F5DE /* [CP] Copy Pods Resources */,
			);
			buildRules = (
			);
			dependencies = (
			);
			name = "Grappling Penguins";
			productName = "Grappling Penguins";
			productReference = E7D42AD41D258242006C85B0 /* Grappling Penguins.app */;
			productType = "com.apple.product-type.application";
		};
/* End PBXNativeTarget section */

/* Begin PBXProject section */
		E7D42ACC1D258242006C85B0 /* Project object */ = {
			isa = PBXProject;
			attributes = {
				LastSwiftUpdateCheck = 0730;
				LastUpgradeCheck = 0730;
				ORGANIZATIONNAME = "Alan Gao";
				TargetAttributes = {
					E7D42AD31D258242006C85B0 = {
						CreatedOnToolsVersion = 7.3.1;
						DevelopmentTeam = J3Q8BP5CE9;
					};
				};
			};
			buildConfigurationList = E7D42ACF1D258242006C85B0 /* Build configuration list for PBXProject "Grappling Penguins" */;
			compatibilityVersion = "Xcode 3.2";
			developmentRegion = English;
			hasScannedForEncodings = 0;
			knownRegions = (
				en,
				Base,
			);
			mainGroup = E7D42ACB1D258242006C85B0;
			productRefGroup = E7D42AD51D258242006C85B0 /* Products */;
			projectDirPath = "";
			projectRoot = "";
			targets = (
				E7D42AD31D258242006C85B0 /* Grappling Penguins */,
			);
		};
/* End PBXProject section */

/* Begin PBXResourcesBuildPhase section */
		E7D42AD21D258242006C85B0 /* Resources */ = {
			isa = PBXResourcesBuildPhase;
			buildActionMask = 2147483647;
			files = (
				E74F4C261D6CE80000AD1471 /* Snow2.sks in Resources */,
				E7CEFE051D492A0A0056CD32 /* AGENTORANGE.TTF in Resources */,
				E74F4C251D6CE80000AD1471 /* Snow1.sks in Resources */,
				E7D42AE61D258242006C85B0 /* LaunchScreen.storyboard in Resources */,
				E74F4C371D6CE84E00AD1471 /* TitleScreen.sks in Resources */,
				E7D42AE31D258242006C85B0 /* Assets.xcassets in Resources */,
				E74F4C351D6CE84E00AD1471 /* GameScene.sks in Resources */,
				E7E4B7F61D49D92A00949DCC /* GoogleService-Info.plist in Resources */,
				E7D42AE11D258242006C85B0 /* Main.storyboard in Resources */,
			);
			runOnlyForDeploymentPostprocessing = 0;
		};
/* End PBXResourcesBuildPhase section */

/* Begin PBXShellScriptBuildPhase section */
		4D430CC27E6F9530D650F5DE /* [CP] Copy Pods Resources */ = {
			isa = PBXShellScriptBuildPhase;
			buildActionMask = 2147483647;
			files = (
			);
			inputPaths = (
			);
			name = "[CP] Copy Pods Resources";
			outputPaths = (
			);
			runOnlyForDeploymentPostprocessing = 0;
			shellPath = /bin/sh;
			shellScript = "\"${SRCROOT}/Pods/Target Support Files/Pods-Grappling Penguins/Pods-Grappling Penguins-resources.sh\"\n";
			showEnvVarsInLog = 0;
		};
		D898B65D3FB24C7A7C7DB464 /* [CP] Embed Pods Frameworks */ = {
			isa = PBXShellScriptBuildPhase;
			buildActionMask = 2147483647;
			files = (
			);
			inputPaths = (
			);
			name = "[CP] Embed Pods Frameworks";
			outputPaths = (
			);
			runOnlyForDeploymentPostprocessing = 0;
			shellPath = /bin/sh;
			shellScript = "\"${SRCROOT}/Pods/Target Support Files/Pods-Grappling Penguins/Pods-Grappling Penguins-frameworks.sh\"\n";
			showEnvVarsInLog = 0;
		};
		EAF05F74025EEA163B291BB2 /* [CP] Check Pods Manifest.lock */ = {
			isa = PBXShellScriptBuildPhase;
			buildActionMask = 2147483647;
			files = (
			);
			inputPaths = (
			);
			name = "[CP] Check Pods Manifest.lock";
			outputPaths = (
			);
			runOnlyForDeploymentPostprocessing = 0;
			shellPath = /bin/sh;
			shellScript = "diff \"${PODS_ROOT}/../Podfile.lock\" \"${PODS_ROOT}/Manifest.lock\" > /dev/null\nif [[ $? != 0 ]] ; then\n    cat << EOM\nerror: The sandbox is not in sync with the Podfile.lock. Run 'pod install' or update your CocoaPods installation.\nEOM\n    exit 1\nfi\n";
			showEnvVarsInLog = 0;
		};
/* End PBXShellScriptBuildPhase section */

/* Begin PBXSourcesBuildPhase section */
		E7D42AD01D258242006C85B0 /* Sources */ = {
			isa = PBXSourcesBuildPhase;
			buildActionMask = 2147483647;
			files = (
				E74F4C381D6CE84E00AD1471 /* TitleScreen.swift in Sources */,
				E74F4C3F1D6CE86F00AD1471 /* MSButtonNode.swift in Sources */,
				E74F4C2C1D6CE82300AD1471 /* FacebookButton.swift in Sources */,
				E74F4C3E1D6CE86F00AD1471 /* CGFloat+Extensions.swift in Sources */,
				E7D42ADE1D258242006C85B0 /* GameViewController.swift in Sources */,
				E74F4C461D6CE88300AD1471 /* GameOverState.swift in Sources */,
				E74F4C2E1D6CE82300AD1471 /* TwitterButton.swift in Sources */,
				E74F4C481D6CE88300AD1471 /* ReadyState.swift in Sources */,
				E74F4C471D6CE88300AD1471 /* PlayingState.swift in Sources */,
				E74F4C241D6CE80000AD1471 /* Hero.swift in Sources */,
				E74F4C361D6CE84E00AD1471 /* GameScene.swift in Sources */,
				E74F4C421D6CE86F00AD1471 /* Scroll.swift in Sources */,
				E7D42AD81D258242006C85B0 /* AppDelegate.swift in Sources */,
				E74F4C411D6CE86F00AD1471 /* PhysicsCategory.swift in Sources */,
				E74F4C231D6CE80000AD1471 /* GrapplingHook.swift in Sources */,
				E74F4C2D1D6CE82300AD1471 /* RestartButton.swift in Sources */,
				E74F4C401D6CE86F00AD1471 /* Numbers.swift in Sources */,
				E74F4C341D6CE84E00AD1471 /* FinishScreen.swift in Sources */,
				E74F4C2B1D6CE82300AD1471 /* CancelButton.swift in Sources */,
			);
			runOnlyForDeploymentPostprocessing = 0;
		};
/* End PBXSourcesBuildPhase section */

/* Begin PBXVariantGroup section */
		E7D42ADF1D258242006C85B0 /* Main.storyboard */ = {
			isa = PBXVariantGroup;
			children = (
				E7D42AE01D258242006C85B0 /* Base */,
			);
			name = Main.storyboard;
			sourceTree = "<group>";
		};
		E7D42AE41D258242006C85B0 /* LaunchScreen.storyboard */ = {
			isa = PBXVariantGroup;
			children = (
				E7D42AE51D258242006C85B0 /* Base */,
			);
			name = LaunchScreen.storyboard;
			sourceTree = "<group>";
		};
/* End PBXVariantGroup section */

/* Begin XCBuildConfiguration section */
		E7D42AFE1D258242006C85B0 /* Debug */ = {
			isa = XCBuildConfiguration;
			buildSettings = {
				ALWAYS_SEARCH_USER_PATHS = NO;
				CLANG_ANALYZER_NONNULL = YES;
				CLANG_CXX_LANGUAGE_STANDARD = "gnu++0x";
				CLANG_CXX_LIBRARY = "libc++";
				CLANG_ENABLE_MODULES = YES;
				CLANG_ENABLE_OBJC_ARC = YES;
				CLANG_WARN_BOOL_CONVERSION = YES;
				CLANG_WARN_CONSTANT_CONVERSION = YES;
				CLANG_WARN_DIRECT_OBJC_ISA_USAGE = YES_ERROR;
				CLANG_WARN_EMPTY_BODY = YES;
				CLANG_WARN_ENUM_CONVERSION = YES;
				CLANG_WARN_INT_CONVERSION = YES;
				CLANG_WARN_OBJC_ROOT_CLASS = YES_ERROR;
				CLANG_WARN_UNREACHABLE_CODE = YES;
				CLANG_WARN__DUPLICATE_METHOD_MATCH = YES;
				"CODE_SIGN_IDENTITY[sdk=iphoneos*]" = "iPhone Developer";
				COPY_PHASE_STRIP = NO;
				DEBUG_INFORMATION_FORMAT = "dwarf-with-dsym";
				ENABLE_STRICT_OBJC_MSGSEND = YES;
				ENABLE_TESTABILITY = YES;
				GCC_C_LANGUAGE_STANDARD = gnu99;
				GCC_DYNAMIC_NO_PIC = NO;
				GCC_NO_COMMON_BLOCKS = YES;
				GCC_OPTIMIZATION_LEVEL = 0;
				GCC_PREPROCESSOR_DEFINITIONS = (
					"DEBUG=1",
					"$(inherited)",
				);
				GCC_WARN_64_TO_32_BIT_CONVERSION = YES;
				GCC_WARN_ABOUT_RETURN_TYPE = YES_ERROR;
				GCC_WARN_UNDECLARED_SELECTOR = YES;
				GCC_WARN_UNINITIALIZED_AUTOS = YES_AGGRESSIVE;
				GCC_WARN_UNUSED_FUNCTION = YES;
				GCC_WARN_UNUSED_VARIABLE = YES;
				IPHONEOS_DEPLOYMENT_TARGET = 9.3;
				MTL_ENABLE_DEBUG_INFO = YES;
				ONLY_ACTIVE_ARCH = YES;
				SDKROOT = iphoneos;
				SWIFT_OPTIMIZATION_LEVEL = "-Onone";
				TARGETED_DEVICE_FAMILY = "1,2";
			};
			name = Debug;
		};
		E7D42AFF1D258242006C85B0 /* Release */ = {
			isa = XCBuildConfiguration;
			buildSettings = {
				ALWAYS_SEARCH_USER_PATHS = NO;
				CLANG_ANALYZER_NONNULL = YES;
				CLANG_CXX_LANGUAGE_STANDARD = "gnu++0x";
				CLANG_CXX_LIBRARY = "libc++";
				CLANG_ENABLE_MODULES = YES;
				CLANG_ENABLE_OBJC_ARC = YES;
				CLANG_WARN_BOOL_CONVERSION = YES;
				CLANG_WARN_CONSTANT_CONVERSION = YES;
				CLANG_WARN_DIRECT_OBJC_ISA_USAGE = YES_ERROR;
				CLANG_WARN_EMPTY_BODY = YES;
				CLANG_WARN_ENUM_CONVERSION = YES;
				CLANG_WARN_INT_CONVERSION = YES;
				CLANG_WARN_OBJC_ROOT_CLASS = YES_ERROR;
				CLANG_WARN_UNREACHABLE_CODE = YES;
				CLANG_WARN__DUPLICATE_METHOD_MATCH = YES;
				"CODE_SIGN_IDENTITY[sdk=iphoneos*]" = "iPhone Developer";
				COPY_PHASE_STRIP = NO;
				DEBUG_INFORMATION_FORMAT = "dwarf-with-dsym";
				ENABLE_NS_ASSERTIONS = NO;
				ENABLE_STRICT_OBJC_MSGSEND = YES;
				GCC_C_LANGUAGE_STANDARD = gnu99;
				GCC_NO_COMMON_BLOCKS = YES;
				GCC_WARN_64_TO_32_BIT_CONVERSION = YES;
				GCC_WARN_ABOUT_RETURN_TYPE = YES_ERROR;
				GCC_WARN_UNDECLARED_SELECTOR = YES;
				GCC_WARN_UNINITIALIZED_AUTOS = YES_AGGRESSIVE;
				GCC_WARN_UNUSED_FUNCTION = YES;
				GCC_WARN_UNUSED_VARIABLE = YES;
				IPHONEOS_DEPLOYMENT_TARGET = 9.3;
				MTL_ENABLE_DEBUG_INFO = NO;
				SDKROOT = iphoneos;
				TARGETED_DEVICE_FAMILY = "1,2";
				VALIDATE_PRODUCT = YES;
			};
			name = Release;
		};
		E7D42B011D258242006C85B0 /* Debug */ = {
			isa = XCBuildConfiguration;
			baseConfigurationReference = 22DE72FFA322CCE96289212B /* Pods-Grappling Penguins.debug.xcconfig */;
			buildSettings = {
				ASSETCATALOG_COMPILER_APPICON_NAME = AppIcon;
				ASSETCATALOG_COMPILER_LAUNCHIMAGE_NAME = "Brand Assets";
				CODE_SIGN_IDENTITY = "iPhone Developer";
				"CODE_SIGN_IDENTITY[sdk=iphoneos*]" = "iPhone Developer";
				FRAMEWORK_SEARCH_PATHS = (
					"$(inherited)",
					"$(PROJECT_DIR)",
				);
				INFOPLIST_FILE = "Grappling Penguins/Info.plist";
				LD_RUNPATH_SEARCH_PATHS = "$(inherited) @executable_path/Frameworks";
				PRODUCT_BUNDLE_IDENTIFIER = "com.AlanGao.Grappling-Penguins";
				PRODUCT_NAME = "$(TARGET_NAME)";
				PROVISIONING_PROFILE = "";
				TARGETED_DEVICE_FAMILY = 1;
			};
			name = Debug;
		};
		E7D42B021D258242006C85B0 /* Release */ = {
			isa = XCBuildConfiguration;
			baseConfigurationReference = 457731E89686446143E5A54D /* Pods-Grappling Penguins.release.xcconfig */;
			buildSettings = {
				ASSETCATALOG_COMPILER_APPICON_NAME = AppIcon;
				ASSETCATALOG_COMPILER_LAUNCHIMAGE_NAME = "Brand Assets";
				CODE_SIGN_IDENTITY = "iPhone Developer";
				"CODE_SIGN_IDENTITY[sdk=iphoneos*]" = "iPhone Developer";
				FRAMEWORK_SEARCH_PATHS = (
					"$(inherited)",
					"$(PROJECT_DIR)",
				);
				INFOPLIST_FILE = "Grappling Penguins/Info.plist";
				LD_RUNPATH_SEARCH_PATHS = "$(inherited) @executable_path/Frameworks";
				PRODUCT_BUNDLE_IDENTIFIER = "com.AlanGao.Grappling-Penguins";
				PRODUCT_NAME = "$(TARGET_NAME)";
				PROVISIONING_PROFILE = "";
				TARGETED_DEVICE_FAMILY = 1;
			};
			name = Release;
		};
/* End XCBuildConfiguration section */

/* Begin XCConfigurationList section */
		E7D42ACF1D258242006C85B0 /* Build configuration list for PBXProject "Grappling Penguins" */ = {
			isa = XCConfigurationList;
			buildConfigurations = (
				E7D42AFE1D258242006C85B0 /* Debug */,
				E7D42AFF1D258242006C85B0 /* Release */,
			);
			defaultConfigurationIsVisible = 0;
			defaultConfigurationName = Release;
		};
		E7D42B001D258242006C85B0 /* Build configuration list for PBXNativeTarget "Grappling Penguins" */ = {
			isa = XCConfigurationList;
			buildConfigurations = (
				E7D42B011D258242006C85B0 /* Debug */,
				E7D42B021D258242006C85B0 /* Release */,
			);
			defaultConfigurationIsVisible = 0;
			defaultConfigurationName = Release;
		};
/* End XCConfigurationList section */
	};
	rootObject = E7D42ACC1D258242006C85B0 /* Project object */;
}
